// !$*UTF8*$!
{
	archiveVersion = 1;
	classes = {
	};
	objectVersion = 77;
	objects = {

/* Begin PBXBuildFile section */
		5540D70B2F084B5100D026FA /* Supabase in Frameworks */ = {isa = PBXBuildFile; productRef = A1B2C3D4E5F60003 /* Supabase */; };
		5540D70C2F084B5100D026FA /* RevenueCat in Frameworks */ = {isa = PBXBuildFile; productRef = A1B2C3D4E5F60004 /* RevenueCat */; };
/* End PBXBuildFile section */

/* Begin PBXContainerItemProxy section */
		5540D5A52F0846C900D026FA /* PBXContainerItemProxy */ = {
			isa = PBXContainerItemProxy;
			containerPortal = 5540D58F2F0846C700D026FA /* Project object */;
			proxyType = 1;
			remoteGlobalIDString = 5540D5962F0846C700D026FA;
			remoteInfo = ImpostorGame;
		};
		5540D5AF2F0846C900D026FA /* PBXContainerItemProxy */ = {
			isa = PBXContainerItemProxy;
			containerPortal = 5540D58F2F0846C700D026FA /* Project object */;
			proxyType = 1;
			remoteGlobalIDString = 5540D5962F0846C700D026FA;
			remoteInfo = ImpostorGame;
		};
/* End PBXContainerItemProxy section */

/* Begin PBXFileReference section */
		5540D5972F0846C700D026FA /* ImpostorGame.app */ = {isa = PBXFileReference; explicitFileType = wrapper.application; includeInIndex = 0; path = ImpostorGame.app; sourceTree = BUILT_PRODUCTS_DIR; };
		5540D5A42F0846C900D026FA /* ImpostorGameTests.xctest */ = {isa = PBXFileReference; explicitFileType = wrapper.cfbundle; includeInIndex = 0; path = ImpostorGameTests.xctest; sourceTree = BUILT_PRODUCTS_DIR; };
		5540D5AE2F0846C900D026FA /* ImpostorGameUITests.xctest */ = {isa = PBXFileReference; explicitFileType = wrapper.cfbundle; includeInIndex = 0; path = ImpostorGameUITests.xctest; sourceTree = BUILT_PRODUCTS_DIR; };
/* End PBXFileReference section */

/* Begin PBXFileSystemSynchronizedRootGroup section */
		5540D5992F0846C700D026FA /* ImpostorGame */ = {
			isa = PBXFileSystemSynchronizedRootGroup;
			path = ImpostorGame;
			sourceTree = "<group>";
		};
		5540D5A72F0846C900D026FA /* ImpostorGameTests */ = {
			isa = PBXFileSystemSynchronizedRootGroup;
			path = ImpostorGameTests;
			sourceTree = "<group>";
		};
		5540D5B12F0846C900D026FA /* ImpostorGameUITests */ = {
			isa = PBXFileSystemSynchronizedRootGroup;
			path = ImpostorGameUITests;
			sourceTree = "<group>";
		};
/* End PBXFileSystemSynchronizedRootGroup section */

/* Begin PBXFrameworksBuildPhase section */
		5540D5942F0846C700D026FA /* Frameworks */ = {
			isa = PBXFrameworksBuildPhase;
			buildActionMask = 2147483647;
			files = (
				5540D70C2F084B5100D026FA /* RevenueCat in Frameworks */,
				5540D70B2F084B5100D026FA /* Supabase in Frameworks */,
			);
			runOnlyForDeploymentPostprocessing = 0;
		};
		5540D5A12F0846C900D026FA /* Frameworks */ = {
			isa = PBXFrameworksBuildPhase;
			buildActionMask = 2147483647;
			files = (
			);
			runOnlyForDeploymentPostprocessing = 0;
		};
		5540D5AB2F0846C900D026FA /* Frameworks */ = {
			isa = PBXFrameworksBuildPhase;
			buildActionMask = 2147483647;
			files = (
			);
			runOnlyForDeploymentPostprocessing = 0;
		};
/* End PBXFrameworksBuildPhase section */

/* Begin PBXGroup section */
		5540D58E2F0846C700D026FA = {
			isa = PBXGroup;
			children = (
				5540D5992F0846C700D026FA /* ImpostorGame */,
				5540D5A72F0846C900D026FA /* ImpostorGameTests */,
				5540D5B12F0846C900D026FA /* ImpostorGameUITests */,
				5540D5982F0846C700D026FA /* Products */,
			);
			sourceTree = "<group>";
		};
		5540D5982F0846C700D026FA /* Products */ = {
			isa = PBXGroup;
			children = (
				5540D5972F0846C700D026FA /* ImpostorGame.app */,
				5540D5A42F0846C900D026FA /* ImpostorGameTests.xctest */,
				5540D5AE2F0846C900D026FA /* ImpostorGameUITests.xctest */,
			);
			name = Products;
			sourceTree = "<group>";
		};
/* End PBXGroup section */

/* Begin PBXNativeTarget section */
		5540D5962F0846C700D026FA /* ImpostorGame */ = {
			isa = PBXNativeTarget;
			buildConfigurationList = 5540D5B82F0846C900D026FA /* Build configuration list for PBXNativeTarget "ImpostorGame" */;
			buildPhases = (
				5540D5932F0846C700D026FA /* Sources */,
				5540D5942F0846C700D026FA /* Frameworks */,
				5540D5952F0846C700D026FA /* Resources */,
			);
			buildRules = (
			);
			dependencies = (
			);
			fileSystemSynchronizedGroups = (
				5540D5992F0846C700D026FA /* ImpostorGame */,
			);
			name = ImpostorGame;
			packageProductDependencies = (
				A1B2C3D4E5F60003 /* Supabase */,
				A1B2C3D4E5F60004 /* RevenueCat */,
			);
			productName = ImpostorGame;
			productReference = 5540D5972F0846C700D026FA /* ImpostorGame.app */;
			productType = "com.apple.product-type.application";
		};
		5540D5A32F0846C900D026FA /* ImpostorGameTests */ = {
			isa = PBXNativeTarget;
			buildConfigurationList = 5540D5BB2F0846C900D026FA /* Build configuration list for PBXNativeTarget "ImpostorGameTests" */;
			buildPhases = (
				5540D5A02F0846C900D026FA /* Sources */,
				5540D5A12F0846C900D026FA /* Frameworks */,
				5540D5A22F0846C900D026FA /* Resources */,
			);
			buildRules = (
			);
			dependencies = (
				5540D5A62F0846C900D026FA /* PBXTargetDependency */,
			);
			fileSystemSynchronizedGroups = (
				5540D5A72F0846C900D026FA /* ImpostorGameTests */,
			);
			name = ImpostorGameTests;
			packageProductDependencies = (
			);
			productName = ImpostorGameTests;
			productReference = 5540D5A42F0846C900D026FA /* ImpostorGameTests.xctest */;
			productType = "com.apple.product-type.bundle.unit-test";
		};
		5540D5AD2F0846C900D026FA /* ImpostorGameUITests */ = {
			isa = PBXNativeTarget;
			buildConfigurationList = 5540D5BE2F0846C900D026FA /* Build configuration list for PBXNativeTarget "ImpostorGameUITests" */;
			buildPhases = (
				5540D5AA2F0846C900D026FA /* Sources */,
				5540D5AB2F0846C900D026FA /* Frameworks */,
				5540D5AC2F0846C900D026FA /* Resources */,
			);
			buildRules = (
			);
			dependencies = (
				5540D5B02F0846C900D026FA /* PBXTargetDependency */,
			);
			fileSystemSynchronizedGroups = (
				5540D5B12F0846C900D026FA /* ImpostorGameUITests */,
			);
			name = ImpostorGameUITests;
			packageProductDependencies = (
			);
			productName = ImpostorGameUITests;
			productReference = 5540D5AE2F0846C900D026FA /* ImpostorGameUITests.xctest */;
			productType = "com.apple.product-type.bundle.ui-testing";
		};
/* End PBXNativeTarget section */

/* Begin PBXProject section */
		5540D58F2F0846C700D026FA /* Project object */ = {
			isa = PBXProject;
			attributes = {
				BuildIndependentTargetsInParallel = 1;
				LastSwiftUpdateCheck = 2600;
				LastUpgradeCheck = 2600;
				TargetAttributes = {
					5540D5962F0846C700D026FA = {
						CreatedOnToolsVersion = 26.0.1;
					};
					5540D5A32F0846C900D026FA = {
						CreatedOnToolsVersion = 26.0.1;
						TestTargetID = 5540D5962F0846C700D026FA;
					};
					5540D5AD2F0846C900D026FA = {
						CreatedOnToolsVersion = 26.0.1;
						TestTargetID = 5540D5962F0846C700D026FA;
					};
				};
			};
			buildConfigurationList = 5540D5922F0846C700D026FA /* Build configuration list for PBXProject "ImpostorGame" */;
			developmentRegion = en;
			hasScannedForEncodings = 0;
			knownRegions = (
				en,
				Base,
				ar,
			);
			mainGroup = 5540D58E2F0846C700D026FA;
			minimizedProjectReferenceProxies = 1;
			packageReferences = (
				A1B2C3D4E5F60005 /* XCRemoteSwiftPackageReference "supabase-swift" */,
				A1B2C3D4E5F60006 /* XCRemoteSwiftPackageReference "purchases-ios-spm" */,
			);
			preferredProjectObjectVersion = 77;
			productRefGroup = 5540D5982F0846C700D026FA /* Products */;
			projectDirPath = "";
			projectRoot = "";
			targets = (
				5540D5962F0846C700D026FA /* ImpostorGame */,
				5540D5A32F0846C900D026FA /* ImpostorGameTests */,
				5540D5AD2F0846C900D026FA /* ImpostorGameUITests */,
			);
		};
/* End PBXProject section */

/* Begin PBXResourcesBuildPhase section */
		5540D5952F0846C700D026FA /* Resources */ = {
			isa = PBXResourcesBuildPhase;
			buildActionMask = 2147483647;
			files = (
			);
			runOnlyForDeploymentPostprocessing = 0;
		};
		5540D5A22F0846C900D026FA /* Resources */ = {
			isa = PBXResourcesBuildPhase;
			buildActionMask = 2147483647;
			files = (
			);
			runOnlyForDeploymentPostprocessing = 0;
		};
		5540D5AC2F0846C900D026FA /* Resources */ = {
			isa = PBXResourcesBuildPhase;
			buildActionMask = 2147483647;
			files = (
			);
			runOnlyForDeploymentPostprocessing = 0;
		};
/* End PBXResourcesBuildPhase section */

/* Begin PBXSourcesBuildPhase section */
		5540D5932F0846C700D026FA /* Sources */ = {
			isa = PBXSourcesBuildPhase;
			buildActionMask = 2147483647;
			files = (
			);
			runOnlyForDeploymentPostprocessing = 0;
		};
		5540D5A02F0846C900D026FA /* Sources */ = {
			isa = PBXSourcesBuildPhase;
			buildActionMask = 2147483647;
			files = (
			);
			runOnlyForDeploymentPostprocessing = 0;
		};
		5540D5AA2F0846C900D026FA /* Sources */ = {
			isa = PBXSourcesBuildPhase;
			buildActionMask = 2147483647;
			files = (
			);
			runOnlyForDeploymentPostprocessing = 0;
		};
/* End PBXSourcesBuildPhase section */

/* Begin PBXTargetDependency section */
		5540D5A62F0846C900D026FA /* PBXTargetDependency */ = {
			isa = PBXTargetDependency;
			target = 5540D5962F0846C700D026FA /* ImpostorGame */;
			targetProxy = 5540D5A52F0846C900D026FA /* PBXContainerItemProxy */;
		};
		5540D5B02F0846C900D026FA /* PBXTargetDependency */ = {
			isa = PBXTargetDependency;
			target = 5540D5962F0846C700D026FA /* ImpostorGame */;
			targetProxy = 5540D5AF2F0846C900D026FA /* PBXContainerItemProxy */;
		};
/* End PBXTargetDependency section */

/* Begin XCBuildConfiguration section */
		5540D5B62F0846C900D026FA /* Debug */ = {
			isa = XCBuildConfiguration;
			buildSettings = {
				ALWAYS_SEARCH_USER_PATHS = NO;
				ASSETCATALOG_COMPILER_GENERATE_SWIFT_ASSET_SYMBOL_EXTENSIONS = YES;
				CLANG_ANALYZER_NONNULL = YES;
				CLANG_ANALYZER_NUMBER_OBJECT_CONVERSION = YES_AGGRESSIVE;
				CLANG_CXX_LANGUAGE_STANDARD = "gnu++20";
				CLANG_ENABLE_MODULES = YES;
				CLANG_ENABLE_OBJC_ARC = YES;
				CLANG_ENABLE_OBJC_WEAK = YES;
				CLANG_WARN_BLOCK_CAPTURE_AUTORELEASING = YES;
				CLANG_WARN_BOOL_CONVERSION = YES;
				CLANG_WARN_COMMA = YES;
				CLANG_WARN_CONSTANT_CONVERSION = YES;
				CLANG_WARN_DEPRECATED_OBJC_IMPLEMENTATIONS = YES;
				CLANG_WARN_DIRECT_OBJC_ISA_USAGE = YES_ERROR;
				CLANG_WARN_DOCUMENTATION_COMMENTS = YES;
				CLANG_WARN_EMPTY_BODY = YES;
				CLANG_WARN_ENUM_CONVERSION = YES;
				CLANG_WARN_INFINITE_RECURSION = YES;
				CLANG_WARN_INT_CONVERSION = YES;
				CLANG_WARN_NON_LITERAL_NULL_CONVERSION = YES;
				CLANG_WARN_OBJC_IMPLICIT_RETAIN_SELF = YES;
				CLANG_WARN_OBJC_LITERAL_CONVERSION = YES;
				CLANG_WARN_OBJC_ROOT_CLASS = YES_ERROR;
				CLANG_WARN_QUOTED_INCLUDE_IN_FRAMEWORK_HEADER = YES;
				CLANG_WARN_RANGE_LOOP_ANALYSIS = YES;
				CLANG_WARN_STRICT_PROTOTYPES = YES;
				CLANG_WARN_SUSPICIOUS_MOVE = YES;
				CLANG_WARN_UNGUARDED_AVAILABILITY = YES_AGGRESSIVE;
				CLANG_WARN_UNREACHABLE_CODE = YES;
				CLANG_WARN__DUPLICATE_METHOD_MATCH = YES;
				COPY_PHASE_STRIP = NO;
				DEBUG_INFORMATION_FORMAT = dwarf;
				DEVELOPMENT_TEAM = 4TJHBR55SZ;
				ENABLE_STRICT_OBJC_MSGSEND = YES;
				ENABLE_TESTABILITY = YES;
				ENABLE_USER_SCRIPT_SANDBOXING = YES;
				GCC_C_LANGUAGE_STANDARD = gnu17;
				GCC_DYNAMIC_NO_PIC = NO;
				GCC_NO_COMMON_BLOCKS = YES;
				GCC_OPTIMIZATION_LEVEL = 0;
				GCC_PREPROCESSOR_DEFINITIONS = (
					"DEBUG=1",
					"$(inherited)",
				);
				GCC_WARN_64_TO_32_BIT_CONVERSION = YES;
				GCC_WARN_ABOUT_RETURN_TYPE = YES_ERROR;
				GCC_WARN_UNDECLARED_SELECTOR = YES;
				GCC_WARN_UNINITIALIZED_AUTOS = YES_AGGRESSIVE;
				GCC_WARN_UNUSED_FUNCTION = YES;
				GCC_WARN_UNUSED_VARIABLE = YES;
				IPHONEOS_DEPLOYMENT_TARGET = 17.0;
				LOCALIZATION_PREFERS_STRING_CATALOGS = YES;
				MTL_ENABLE_DEBUG_INFO = INCLUDE_SOURCE;
				MTL_FAST_MATH = YES;
				ONLY_ACTIVE_ARCH = YES;
				SDKROOT = iphoneos;
				SWIFT_ACTIVE_COMPILATION_CONDITIONS = "DEBUG $(inherited)";
				SWIFT_OPTIMIZATION_LEVEL = "-Onone";
			};
			name = Debug;
		};
		5540D5B72F0846C900D026FA /* Release */ = {
			isa = XCBuildConfiguration;
			buildSettings = {
				ALWAYS_SEARCH_USER_PATHS = NO;
				ASSETCATALOG_COMPILER_GENERATE_SWIFT_ASSET_SYMBOL_EXTENSIONS = YES;
				CLANG_ANALYZER_NONNULL = YES;
				CLANG_ANALYZER_NUMBER_OBJECT_CONVERSION = YES_AGGRESSIVE;
				CLANG_CXX_LANGUAGE_STANDARD = "gnu++20";
				CLANG_ENABLE_MODULES = YES;
				CLANG_ENABLE_OBJC_ARC = YES;
				CLANG_ENABLE_OBJC_WEAK = YES;
				CLANG_WARN_BLOCK_CAPTURE_AUTORELEASING = YES;
				CLANG_WARN_BOOL_CONVERSION = YES;
				CLANG_WARN_COMMA = YES;
				CLANG_WARN_CONSTANT_CONVERSION = YES;
				CLANG_WARN_DEPRECATED_OBJC_IMPLEMENTATIONS = YES;
				CLANG_WARN_DIRECT_OBJC_ISA_USAGE = YES_ERROR;
				CLANG_WARN_DOCUMENTATION_COMMENTS = YES;
				CLANG_WARN_EMPTY_BODY = YES;
				CLANG_WARN_ENUM_CONVERSION = YES;
				CLANG_WARN_INFINITE_RECURSION = YES;
				CLANG_WARN_INT_CONVERSION = YES;
				CLANG_WARN_NON_LITERAL_NULL_CONVERSION = YES;
				CLANG_WARN_OBJC_IMPLICIT_RETAIN_SELF = YES;
				CLANG_WARN_OBJC_LITERAL_CONVERSION = YES;
				CLANG_WARN_OBJC_ROOT_CLASS = YES_ERROR;
				CLANG_WARN_QUOTED_INCLUDE_IN_FRAMEWORK_HEADER = YES;
				CLANG_WARN_RANGE_LOOP_ANALYSIS = YES;
				CLANG_WARN_STRICT_PROTOTYPES = YES;
				CLANG_WARN_SUSPICIOUS_MOVE = YES;
				CLANG_WARN_UNGUARDED_AVAILABILITY = YES_AGGRESSIVE;
				CLANG_WARN_UNREACHABLE_CODE = YES;
				CLANG_WARN__DUPLICATE_METHOD_MATCH = YES;
				COPY_PHASE_STRIP = NO;
				DEBUG_INFORMATION_FORMAT = "dwarf-with-dsym";
				DEVELOPMENT_TEAM = 4TJHBR55SZ;
				ENABLE_NS_ASSERTIONS = NO;
				ENABLE_STRICT_OBJC_MSGSEND = YES;
				ENABLE_USER_SCRIPT_SANDBOXING = YES;
				GCC_C_LANGUAGE_STANDARD = gnu17;
				GCC_NO_COMMON_BLOCKS = YES;
				GCC_WARN_64_TO_32_BIT_CONVERSION = YES;
				GCC_WARN_ABOUT_RETURN_TYPE = YES_ERROR;
				GCC_WARN_UNDECLARED_SELECTOR = YES;
				GCC_WARN_UNINITIALIZED_AUTOS = YES_AGGRESSIVE;
				GCC_WARN_UNUSED_FUNCTION = YES;
				GCC_WARN_UNUSED_VARIABLE = YES;
				IPHONEOS_DEPLOYMENT_TARGET = 17.0;
				LOCALIZATION_PREFERS_STRING_CATALOGS = YES;
				MTL_ENABLE_DEBUG_INFO = NO;
				MTL_FAST_MATH = YES;
				SDKROOT = iphoneos;
				SWIFT_COMPILATION_MODE = wholemodule;
				VALIDATE_PRODUCT = YES;
			};
			name = Release;
		};
		5540D5B92F0846C900D026FA /* Debug */ = {
			isa = XCBuildConfiguration;
			buildSettings = {
				ASSETCATALOG_COMPILER_APPICON_NAME = AppIcon;
				ASSETCATALOG_COMPILER_GLOBAL_ACCENT_COLOR_NAME = AccentColor;
				CODE_SIGN_ENTITLEMENTS = ImpostorGame/ImpostorGame.entitlements;
				CODE_SIGN_STYLE = Automatic;
				CURRENT_PROJECT_VERSION = 1;
				DEVELOPMENT_TEAM = 4TJHBR55SZ;
				ENABLE_PREVIEWS = YES;
				GENERATE_INFOPLIST_FILE = YES;
				INFOPLIST_KEY_UIApplicationSceneManifest_Generation = YES;
				INFOPLIST_KEY_UIApplicationSupportsIndirectInputEvents = YES;
				INFOPLIST_KEY_UILaunchScreen_Generation = YES;
				INFOPLIST_KEY_UISupportedInterfaceOrientations_iPad = "UIInterfaceOrientationPortrait UIInterfaceOrientationPortraitUpsideDown UIInterfaceOrientationLandscapeLeft UIInterfaceOrientationLandscapeRight";
				INFOPLIST_KEY_UISupportedInterfaceOrientations_iPhone = "UIInterfaceOrientationPortrait UIInterfaceOrientationLandscapeLeft UIInterfaceOrientationLandscapeRight";
				LD_RUNPATH_SEARCH_PATHS = (
					"$(inherited)",
					"@executable_path/Frameworks",
				);
				MARKETING_VERSION = 1.0;
				PRODUCT_BUNDLE_IDENTIFIER = com.khalid.ImpostorGame;
				PRODUCT_NAME = "$(TARGET_NAME)";
				STRING_CATALOG_GENERATE_SYMBOLS = YES;
				SWIFT_EMIT_LOC_STRINGS = YES;
				SWIFT_VERSION = 5.0;
				TARGETED_DEVICE_FAMILY = "1,2";
			};
			name = Debug;
		};
		5540D5BA2F0846C900D026FA /* Release */ = {
			isa = XCBuildConfiguration;
			buildSettings = {
				ASSETCATALOG_COMPILER_APPICON_NAME = AppIcon;
				ASSETCATALOG_COMPILER_GLOBAL_ACCENT_COLOR_NAME = AccentColor;
				CODE_SIGN_ENTITLEMENTS = ImpostorGame/ImpostorGame.entitlements;
				CODE_SIGN_STYLE = Automatic;
				CURRENT_PROJECT_VERSION = 1;
				DEVELOPMENT_TEAM = 4TJHBR55SZ;
				ENABLE_PREVIEWS = YES;
				GENERATE_INFOPLIST_FILE = YES;
				INFOPLIST_KEY_UIApplicationSceneManifest_Generation = YES;
				INFOPLIST_KEY_UIApplicationSupportsIndirectInputEvents = YES;
				INFOPLIST_KEY_UILaunchScreen_Generation = YES;
				INFOPLIST_KEY_UISupportedInterfaceOrientations_iPad = "UIInterfaceOrientationPortrait UIInterfaceOrientationPortraitUpsideDown UIInterfaceOrientationLandscapeLeft UIInterfaceOrientationLandscapeRight";
				INFOPLIST_KEY_UISupportedInterfaceOrientations_iPhone = "UIInterfaceOrientationPortrait UIInterfaceOrientationLandscapeLeft UIInterfaceOrientationLandscapeRight";
				LD_RUNPATH_SEARCH_PATHS = (
					"$(inherited)",
					"@executable_path/Frameworks",
				);
				MARKETING_VERSION = 1.0;
				PRODUCT_BUNDLE_IDENTIFIER = com.khalid.ImpostorGame;
				PRODUCT_NAME = "$(TARGET_NAME)";
				STRING_CATALOG_GENERATE_SYMBOLS = YES;
				SWIFT_EMIT_LOC_STRINGS = YES;
				SWIFT_VERSION = 5.0;
				TARGETED_DEVICE_FAMILY = "1,2";
			};
			name = Release;
		};
		5540D5BC2F0846C900D026FA /* Debug */ = {
			isa = XCBuildConfiguration;
			buildSettings = {
				BUNDLE_LOADER = "$(TEST_HOST)";
				CODE_SIGN_STYLE = Automatic;
				CURRENT_PROJECT_VERSION = 1;
				DEVELOPMENT_TEAM = 4TJHBR55SZ;
				GENERATE_INFOPLIST_FILE = YES;
				IPHONEOS_DEPLOYMENT_TARGET = 17.0;
				MARKETING_VERSION = 1.0;
				PRODUCT_BUNDLE_IDENTIFIER = com.khalid.ImpostorGameTests;
				PRODUCT_NAME = "$(TARGET_NAME)";
				STRING_CATALOG_GENERATE_SYMBOLS = NO;
				SWIFT_EMIT_LOC_STRINGS = NO;
				SWIFT_VERSION = 5.0;
				TARGETED_DEVICE_FAMILY = "1,2";
				TEST_HOST = "$(BUILT_PRODUCTS_DIR)/ImpostorGame.app/$(BUNDLE_EXECUTABLE_FOLDER_PATH)/ImpostorGame";
			};
			name = Debug;
		};
		5540D5BD2F0846C900D026FA /* Release */ = {
			isa = XCBuildConfiguration;
			buildSettings = {
				BUNDLE_LOADER = "$(TEST_HOST)";
				CODE_SIGN_STYLE = Automatic;
				CURRENT_PROJECT_VERSION = 1;
				DEVELOPMENT_TEAM = 4TJHBR55SZ;
				GENERATE_INFOPLIST_FILE = YES;
				IPHONEOS_DEPLOYMENT_TARGET = 17.0;
				MARKETING_VERSION = 1.0;
				PRODUCT_BUNDLE_IDENTIFIER = com.khalid.ImpostorGameTests;
				PRODUCT_NAME = "$(TARGET_NAME)";
				STRING_CATALOG_GENERATE_SYMBOLS = NO;
				SWIFT_EMIT_LOC_STRINGS = NO;
				SWIFT_VERSION = 5.0;
				TARGETED_DEVICE_FAMILY = "1,2";
				TEST_HOST = "$(BUILT_PRODUCTS_DIR)/ImpostorGame.app/$(BUNDLE_EXECUTABLE_FOLDER_PATH)/ImpostorGame";
			};
			name = Release;
		};
		5540D5BF2F0846C900D026FA /* Debug */ = {
			isa = XCBuildConfiguration;
			buildSettings = {
				CODE_SIGN_STYLE = Automatic;
				CURRENT_PROJECT_VERSION = 1;
				DEVELOPMENT_TEAM = 4TJHBR55SZ;
				GENERATE_INFOPLIST_FILE = YES;
				MARKETING_VERSION = 1.0;
				PRODUCT_BUNDLE_IDENTIFIER = com.khalid.ImpostorGameUITests;
				PRODUCT_NAME = "$(TARGET_NAME)";
				STRING_CATALOG_GENERATE_SYMBOLS = NO;
				SWIFT_EMIT_LOC_STRINGS = NO;
				SWIFT_VERSION = 5.0;
				TARGETED_DEVICE_FAMILY = "1,2";
				TEST_TARGET_NAME = ImpostorGame;
			};
			name = Debug;
		};
		5540D5C02F0846C900D026FA /* Release */ = {
			isa = XCBuildConfiguration;
			buildSettings = {
				CODE_SIGN_STYLE = Automatic;
				CURRENT_PROJECT_VERSION = 1;
				DEVELOPMENT_TEAM = 4TJHBR55SZ;
				GENERATE_INFOPLIST_FILE = YES;
				MARKETING_VERSION = 1.0;
				PRODUCT_BUNDLE_IDENTIFIER = com.khalid.ImpostorGameUITests;
				PRODUCT_NAME = "$(TARGET_NAME)";
				STRING_CATALOG_GENERATE_SYMBOLS = NO;
				SWIFT_EMIT_LOC_STRINGS = NO;
				SWIFT_VERSION = 5.0;
				TARGETED_DEVICE_FAMILY = "1,2";
				TEST_TARGET_NAME = ImpostorGame;
			};
			name = Release;
		};
/* End XCBuildConfiguration section */

/* Begin XCConfigurationList section */
		5540D5922F0846C700D026FA /* Build configuration list for PBXProject "ImpostorGame" */ = {
			isa = XCConfigurationList;
			buildConfigurations = (
				5540D5B62F0846C900D026FA /* Debug */,
				5540D5B72F0846C900D026FA /* Release */,
			);
			defaultConfigurationIsVisible = 0;
			defaultConfigurationName = Release;
		};
		5540D5B82F0846C900D026FA /* Build configuration list for PBXNativeTarget "ImpostorGame" */ = {
			isa = XCConfigurationList;
			buildConfigurations = (
				5540D5B92F0846C900D026FA /* Debug */,
				5540D5BA2F0846C900D026FA /* Release */,
			);
			defaultConfigurationIsVisible = 0;
			defaultConfigurationName = Release;
		};
		5540D5BB2F0846C900D026FA /* Build configuration list for PBXNativeTarget "ImpostorGameTests" */ = {
			isa = XCConfigurationList;
			buildConfigurations = (
				5540D5BC2F0846C900D026FA /* Debug */,
				5540D5BD2F0846C900D026FA /* Release */,
			);
			defaultConfigurationIsVisible = 0;
			defaultConfigurationName = Release;
		};
		5540D5BE2F0846C900D026FA /* Build configuration list for PBXNativeTarget "ImpostorGameUITests" */ = {
			isa = XCConfigurationList;
			buildConfigurations = (
				5540D5BF2F0846C900D026FA /* Debug */,
				5540D5C02F0846C900D026FA /* Release */,
			);
			defaultConfigurationIsVisible = 0;
			defaultConfigurationName = Release;
		};
/* End XCConfigurationList section */

/* Begin XCRemoteSwiftPackageReference section */
		A1B2C3D4E5F60005 /* XCRemoteSwiftPackageReference "supabase-swift" */ = {
			isa = XCRemoteSwiftPackageReference;
			repositoryURL = "https://github.com/supabase/supabase-swift.git";
			requirement = {
				kind = upToNextMajorVersion;
				minimumVersion = 2.0.0;
			};
		};
		A1B2C3D4E5F60006 /* XCRemoteSwiftPackageReference "purchases-ios-spm" */ = {
			isa = XCRemoteSwiftPackageReference;
			repositoryURL = "https://github.com/RevenueCat/purchases-ios-spm.git";
			requirement = {
				kind = upToNextMajorVersion;
				minimumVersion = 5.0.0;
			};
		};
/* End XCRemoteSwiftPackageReference section */

/* Begin XCSwiftPackageProductDependency section */
		A1B2C3D4E5F60003 /* Supabase */ = {
			isa = XCSwiftPackageProductDependency;
			package = A1B2C3D4E5F60005 /* XCRemoteSwiftPackageReference "supabase-swift" */;
			productName = Supabase;
		};
		A1B2C3D4E5F60004 /* RevenueCat */ = {
			isa = XCSwiftPackageProductDependency;
			package = A1B2C3D4E5F60006 /* XCRemoteSwiftPackageReference "purchases-ios-spm" */;
			productName = RevenueCat;
		};
/* End XCSwiftPackageProductDependency section */
	};
	rootObject = 5540D58F2F0846C700D026FA /* Project object */;
}
